// !$*UTF8*$!
{
	archiveVersion = 1;
	classes = {
	};
	objectVersion = 46;
	objects = {

/* Begin PBXBuildFile section */
		2187F7B616F1431500CF5697 /* UIKit.framework in Frameworks */ = {isa = PBXBuildFile; fileRef = 2187F7B516F1431500CF5697 /* UIKit.framework */; };
		2187F7B816F1431500CF5697 /* Foundation.framework in Frameworks */ = {isa = PBXBuildFile; fileRef = 2187F7B716F1431500CF5697 /* Foundation.framework */; };
		2187F7BA16F1431500CF5697 /* CoreGraphics.framework in Frameworks */ = {isa = PBXBuildFile; fileRef = 2187F7B916F1431500CF5697 /* CoreGraphics.framework */; };
		2187F7C016F1431500CF5697 /* InfoPlist.strings in Resources */ = {isa = PBXBuildFile; fileRef = 2187F7BE16F1431500CF5697 /* InfoPlist.strings */; };
		2187F7C216F1431500CF5697 /* main.m in Sources */ = {isa = PBXBuildFile; fileRef = 2187F7C116F1431500CF5697 /* main.m */; };
		2187F7C616F1431500CF5697 /* DRAppDelegate.m in Sources */ = {isa = PBXBuildFile; fileRef = 2187F7C516F1431500CF5697 /* DRAppDelegate.m */; };
		2187F7C816F1431500CF5697 /* Default.png in Resources */ = {isa = PBXBuildFile; fileRef = 2187F7C716F1431500CF5697 /* Default.png */; };
		2187F7CA16F1431500CF5697 /* Default@2x.png in Resources */ = {isa = PBXBuildFile; fileRef = 2187F7C916F1431500CF5697 /* Default@2x.png */; };
		2187F7CC16F1431500CF5697 /* Default-568h@2x.png in Resources */ = {isa = PBXBuildFile; fileRef = 2187F7CB16F1431500CF5697 /* Default-568h@2x.png */; };
		2187F7CF16F1431500CF5697 /* MainStoryboard.storyboard in Resources */ = {isa = PBXBuildFile; fileRef = 2187F7CD16F1431500CF5697 /* MainStoryboard.storyboard */; };
		2187F7D216F1431500CF5697 /* DRViewController.m in Sources */ = {isa = PBXBuildFile; fileRef = 2187F7D116F1431500CF5697 /* DRViewController.m */; };
		2187F7DA16F1431600CF5697 /* SenTestingKit.framework in Frameworks */ = {isa = PBXBuildFile; fileRef = 2187F7D916F1431600CF5697 /* SenTestingKit.framework */; };
		2187F7DB16F1431600CF5697 /* UIKit.framework in Frameworks */ = {isa = PBXBuildFile; fileRef = 2187F7B516F1431500CF5697 /* UIKit.framework */; };
		2187F7DC16F1431600CF5697 /* Foundation.framework in Frameworks */ = {isa = PBXBuildFile; fileRef = 2187F7B716F1431500CF5697 /* Foundation.framework */; };
		2187F7E416F1431600CF5697 /* InfoPlist.strings in Resources */ = {isa = PBXBuildFile; fileRef = 2187F7E216F1431600CF5697 /* InfoPlist.strings */; };
		2187F7E716F1431600CF5697 /* Transition_StudyTests.m in Sources */ = {isa = PBXBuildFile; fileRef = 2187F7E616F1431600CF5697 /* Transition_StudyTests.m */; };
		2187F7F116F143F700CF5697 /* FrontView.xib in Resources */ = {isa = PBXBuildFile; fileRef = 2187F7F016F143F700CF5697 /* FrontView.xib */; };
/* End PBXBuildFile section */

/* Begin PBXContainerItemProxy section */
		2187F7DD16F1431600CF5697 /* PBXContainerItemProxy */ = {
			isa = PBXContainerItemProxy;
			containerPortal = 2187F7AA16F1431500CF5697 /* Project object */;
			proxyType = 1;
			remoteGlobalIDString = 2187F7B116F1431500CF5697;
			remoteInfo = "Transition Study";
		};
/* End PBXContainerItemProxy section */

/* Begin PBXFileReference section */
		2187F7B216F1431500CF5697 /* Transition Study.app */ = {isa = PBXFileReference; explicitFileType = wrapper.application; includeInIndex = 0; path = "Transition Study.app"; sourceTree = BUILT_PRODUCTS_DIR; };
		2187F7B516F1431500CF5697 /* UIKit.framework */ = {isa = PBXFileReference; lastKnownFileType = wrapper.framework; name = UIKit.framework; path = System/Library/Frameworks/UIKit.framework; sourceTree = SDKROOT; };
		2187F7B716F1431500CF5697 /* Foundation.framework */ = {isa = PBXFileReference; lastKnownFileType = wrapper.framework; name = Foundation.framework; path = System/Library/Frameworks/Foundation.framework; sourceTree = SDKROOT; };
		2187F7B916F1431500CF5697 /* CoreGraphics.framework */ = {isa = PBXFileReference; lastKnownFileType = wrapper.framework; name = CoreGraphics.framework; path = System/Library/Frameworks/CoreGraphics.framework; sourceTree = SDKROOT; };
		2187F7BD16F1431500CF5697 /* Transition Study-Info.plist */ = {isa = PBXFileReference; lastKnownFileType = text.plist.xml; path = "Transition Study-Info.plist"; sourceTree = "<group>"; };
		2187F7BF16F1431500CF5697 /* en */ = {isa = PBXFileReference; lastKnownFileType = text.plist.strings; name = en; path = en.lproj/InfoPlist.strings; sourceTree = "<group>"; };
		2187F7C116F1431500CF5697 /* main.m */ = {isa = PBXFileReference; lastKnownFileType = sourcecode.c.objc; path = main.m; sourceTree = "<group>"; };
		2187F7C316F1431500CF5697 /* Transition Study-Prefix.pch */ = {isa = PBXFileReference; lastKnownFileType = sourcecode.c.h; path = "Transition Study-Prefix.pch"; sourceTree = "<group>"; };
		2187F7C416F1431500CF5697 /* DRAppDelegate.h */ = {isa = PBXFileReference; lastKnownFileType = sourcecode.c.h; path = DRAppDelegate.h; sourceTree = "<group>"; };
		2187F7C516F1431500CF5697 /* DRAppDelegate.m */ = {isa = PBXFileReference; lastKnownFileType = sourcecode.c.objc; path = DRAppDelegate.m; sourceTree = "<group>"; };
		2187F7C716F1431500CF5697 /* Default.png */ = {isa = PBXFileReference; lastKnownFileType = image.png; path = Default.png; sourceTree = "<group>"; };
		2187F7C916F1431500CF5697 /* Default@2x.png */ = {isa = PBXFileReference; lastKnownFileType = image.png; path = "Default@2x.png"; sourceTree = "<group>"; };
		2187F7CB16F1431500CF5697 /* Default-568h@2x.png */ = {isa = PBXFileReference; lastKnownFileType = image.png; path = "Default-568h@2x.png"; sourceTree = "<group>"; };
		2187F7CE16F1431500CF5697 /* en */ = {isa = PBXFileReference; lastKnownFileType = file.storyboard; name = en; path = en.lproj/MainStoryboard.storyboard; sourceTree = "<group>"; };
		2187F7D016F1431500CF5697 /* DRViewController.h */ = {isa = PBXFileReference; lastKnownFileType = sourcecode.c.h; path = DRViewController.h; sourceTree = "<group>"; };
		2187F7D116F1431500CF5697 /* DRViewController.m */ = {isa = PBXFileReference; lastKnownFileType = sourcecode.c.objc; path = DRViewController.m; sourceTree = "<group>"; };
		2187F7D816F1431600CF5697 /* Transition StudyTests.octest */ = {isa = PBXFileReference; explicitFileType = wrapper.cfbundle; includeInIndex = 0; path = "Transition StudyTests.octest"; sourceTree = BUILT_PRODUCTS_DIR; };
		2187F7D916F1431600CF5697 /* SenTestingKit.framework */ = {isa = PBXFileReference; lastKnownFileType = wrapper.framework; name = SenTestingKit.framework; path = Library/Frameworks/SenTestingKit.framework; sourceTree = DEVELOPER_DIR; };
		2187F7E116F1431600CF5697 /* Transition StudyTests-Info.plist */ = {isa = PBXFileReference; lastKnownFileType = text.plist.xml; path = "Transition StudyTests-Info.plist"; sourceTree = "<group>"; };
		2187F7E316F1431600CF5697 /* en */ = {isa = PBXFileReference; lastKnownFileType = text.plist.strings; name = en; path = en.lproj/InfoPlist.strings; sourceTree = "<group>"; };
		2187F7E516F1431600CF5697 /* Transition_StudyTests.h */ = {isa = PBXFileReference; lastKnownFileType = sourcecode.c.h; path = Transition_StudyTests.h; sourceTree = "<group>"; };
		2187F7E616F1431600CF5697 /* Transition_StudyTests.m */ = {isa = PBXFileReference; lastKnownFileType = sourcecode.c.objc; path = Transition_StudyTests.m; sourceTree = "<group>"; };
		2187F7F016F143F700CF5697 /* FrontView.xib */ = {isa = PBXFileReference; fileEncoding = 4; lastKnownFileType = file.xib; path = FrontView.xib; sourceTree = "<group>"; };
/* End PBXFileReference section */

/* Begin PBXFrameworksBuildPhase section */
		2187F7AF16F1431500CF5697 /* Frameworks */ = {
			isa = PBXFrameworksBuildPhase;
			buildActionMask = 2147483647;
			files = (
				2187F7B616F1431500CF5697 /* UIKit.framework in Frameworks */,
				2187F7B816F1431500CF5697 /* Foundation.framework in Frameworks */,
				2187F7BA16F1431500CF5697 /* CoreGraphics.framework in Frameworks */,
			);
			runOnlyForDeploymentPostprocessing = 0;
		};
		2187F7D416F1431600CF5697 /* Frameworks */ = {
			isa = PBXFrameworksBuildPhase;
			buildActionMask = 2147483647;
			files = (
				2187F7DA16F1431600CF5697 /* SenTestingKit.framework in Frameworks */,
				2187F7DB16F1431600CF5697 /* UIKit.framework in Frameworks */,
				2187F7DC16F1431600CF5697 /* Foundation.framework in Frameworks */,
			);
			runOnlyForDeploymentPostprocessing = 0;
		};
/* End PBXFrameworksBuildPhase section */

/* Begin PBXGroup section */
		2187F7A916F1431500CF5697 = {
			isa = PBXGroup;
			children = (
				2187F7BB16F1431500CF5697 /* Transition Study */,
				2187F7DF16F1431600CF5697 /* Transition StudyTests */,
				2187F7B416F1431500CF5697 /* Frameworks */,
				2187F7B316F1431500CF5697 /* Products */,
			);
			sourceTree = "<group>";
		};
		2187F7B316F1431500CF5697 /* Products */ = {
			isa = PBXGroup;
			children = (
				2187F7B216F1431500CF5697 /* Transition Study.app */,
				2187F7D816F1431600CF5697 /* Transition StudyTests.octest */,
			);
			name = Products;
			sourceTree = "<group>";
		};
		2187F7B416F1431500CF5697 /* Frameworks */ = {
			isa = PBXGroup;
			children = (
				2187F7B516F1431500CF5697 /* UIKit.framework */,
				2187F7B716F1431500CF5697 /* Foundation.framework */,
				2187F7B916F1431500CF5697 /* CoreGraphics.framework */,
				2187F7D916F1431600CF5697 /* SenTestingKit.framework */,
			);
			name = Frameworks;
			sourceTree = "<group>";
		};
		2187F7BB16F1431500CF5697 /* Transition Study */ = {
			isa = PBXGroup;
			children = (
				2187F7C416F1431500CF5697 /* DRAppDelegate.h */,
				2187F7C516F1431500CF5697 /* DRAppDelegate.m */,
				2187F7CD16F1431500CF5697 /* MainStoryboard.storyboard */,
				2187F7D016F1431500CF5697 /* DRViewController.h */,
				2187F7D116F1431500CF5697 /* DRViewController.m */,
				2187F7BC16F1431500CF5697 /* Supporting Files */,
				2187F7F016F143F700CF5697 /* FrontView.xib */,
			);
			path = "Transition Study";
			sourceTree = "<group>";
		};
		2187F7BC16F1431500CF5697 /* Supporting Files */ = {
			isa = PBXGroup;
			children = (
				2187F7BD16F1431500CF5697 /* Transition Study-Info.plist */,
				2187F7BE16F1431500CF5697 /* InfoPlist.strings */,
				2187F7C116F1431500CF5697 /* main.m */,
				2187F7C316F1431500CF5697 /* Transition Study-Prefix.pch */,
				2187F7C716F1431500CF5697 /* Default.png */,
				2187F7C916F1431500CF5697 /* Default@2x.png */,
				2187F7CB16F1431500CF5697 /* Default-568h@2x.png */,
			);
			name = "Supporting Files";
			sourceTree = "<group>";
		};
		2187F7DF16F1431600CF5697 /* Transition StudyTests */ = {
			isa = PBXGroup;
			children = (
				2187F7E516F1431600CF5697 /* Transition_StudyTests.h */,
				2187F7E616F1431600CF5697 /* Transition_StudyTests.m */,
				2187F7E016F1431600CF5697 /* Supporting Files */,
			);
			path = "Transition StudyTests";
			sourceTree = "<group>";
		};
		2187F7E016F1431600CF5697 /* Supporting Files */ = {
			isa = PBXGroup;
			children = (
				2187F7E116F1431600CF5697 /* Transition StudyTests-Info.plist */,
				2187F7E216F1431600CF5697 /* InfoPlist.strings */,
			);
			name = "Supporting Files";
			sourceTree = "<group>";
		};
/* End PBXGroup section */

/* Begin PBXNativeTarget section */
		2187F7B116F1431500CF5697 /* Transition Study */ = {
			isa = PBXNativeTarget;
			buildConfigurationList = 2187F7EA16F1431600CF5697 /* Build configuration list for PBXNativeTarget "Transition Study" */;
			buildPhases = (
				2187F7AE16F1431500CF5697 /* Sources */,
				2187F7AF16F1431500CF5697 /* Frameworks */,
				2187F7B016F1431500CF5697 /* Resources */,
			);
			buildRules = (
			);
			dependencies = (
			);
			name = "Transition Study";
			productName = "Transition Study";
			productReference = 2187F7B216F1431500CF5697 /* Transition Study.app */;
			productType = "com.apple.product-type.application";
		};
		2187F7D716F1431600CF5697 /* Transition StudyTests */ = {
			isa = PBXNativeTarget;
			buildConfigurationList = 2187F7ED16F1431600CF5697 /* Build configuration list for PBXNativeTarget "Transition StudyTests" */;
			buildPhases = (
				2187F7D316F1431600CF5697 /* Sources */,
				2187F7D416F1431600CF5697 /* Frameworks */,
				2187F7D516F1431600CF5697 /* Resources */,
				2187F7D616F1431600CF5697 /* ShellScript */,
			);
			buildRules = (
			);
			dependencies = (
				2187F7DE16F1431600CF5697 /* PBXTargetDependency */,
			);
			name = "Transition StudyTests";
			productName = "Transition StudyTests";
			productReference = 2187F7D816F1431600CF5697 /* Transition StudyTests.octest */;
			productType = "com.apple.product-type.bundle";
		};
/* End PBXNativeTarget section */

/* Begin PBXProject section */
		2187F7AA16F1431500CF5697 /* Project object */ = {
			isa = PBXProject;
			attributes = {
				CLASSPREFIX = DR;
				LastUpgradeCheck = 0460;
				ORGANIZATIONNAME = "Daniel R";
			};
			buildConfigurationList = 2187F7AD16F1431500CF5697 /* Build configuration list for PBXProject "Transition Study" */;
			compatibilityVersion = "Xcode 3.2";
			developmentRegion = English;
			hasScannedForEncodings = 0;
			knownRegions = (
				en,
			);
			mainGroup = 2187F7A916F1431500CF5697;
			productRefGroup = 2187F7B316F1431500CF5697 /* Products */;
			projectDirPath = "";
			projectRoot = "";
			targets = (
				2187F7B116F1431500CF5697 /* Transition Study */,
				2187F7D716F1431600CF5697 /* Transition StudyTests */,
			);
		};
/* End PBXProject section */

/* Begin PBXResourcesBuildPhase section */
		2187F7B016F1431500CF5697 /* Resources */ = {
			isa = PBXResourcesBuildPhase;
			buildActionMask = 2147483647;
			files = (
				2187F7C016F1431500CF5697 /* InfoPlist.strings in Resources */,
				2187F7C816F1431500CF5697 /* Default.png in Resources */,
				2187F7CA16F1431500CF5697 /* Default@2x.png in Resources */,
				2187F7CC16F1431500CF5697 /* Default-568h@2x.png in Resources */,
				2187F7CF16F1431500CF5697 /* MainStoryboard.storyboard in Resources */,
				2187F7F116F143F700CF5697 /* FrontView.xib in Resources */,
			);
			runOnlyForDeploymentPostprocessing = 0;
		};
		2187F7D516F1431600CF5697 /* Resources */ = {
			isa = PBXResourcesBuildPhase;
			buildActionMask = 2147483647;
			files = (
				2187F7E416F1431600CF5697 /* InfoPlist.strings in Resources */,
			);
			runOnlyForDeploymentPostprocessing = 0;
		};
/* End PBXResourcesBuildPhase section */

/* Begin PBXShellScriptBuildPhase section */
		2187F7D616F1431600CF5697 /* ShellScript */ = {
			isa = PBXShellScriptBuildPhase;
			buildActionMask = 2147483647;
			files = (
			);
			inputPaths = (
			);
			outputPaths = (
			);
			runOnlyForDeploymentPostprocessing = 0;
			shellPath = /bin/sh;
			shellScript = "# Run the unit tests in this test bundle.\n\"${SYSTEM_DEVELOPER_DIR}/Tools/RunUnitTests\"\n";
		};
/* End PBXShellScriptBuildPhase section */

/* Begin PBXSourcesBuildPhase section */
		2187F7AE16F1431500CF5697 /* Sources */ = {
			isa = PBXSourcesBuildPhase;
			buildActionMask = 2147483647;
			files = (
				2187F7C216F1431500CF5697 /* main.m in Sources */,
				2187F7C616F1431500CF5697 /* DRAppDelegate.m in Sources */,
				2187F7D216F1431500CF5697 /* DRViewController.m in Sources */,
			);
			runOnlyForDeploymentPostprocessing = 0;
		};
		2187F7D316F1431600CF5697 /* Sources */ = {
			isa = PBXSourcesBuildPhase;
			buildActionMask = 2147483647;
			files = (
				2187F7E716F1431600CF5697 /* Transition_StudyTests.m in Sources */,
			);
			runOnlyForDeploymentPostprocessing = 0;
		};
/* End PBXSourcesBuildPhase section */

/* Begin PBXTargetDependency section */
		2187F7DE16F1431600CF5697 /* PBXTargetDependency */ = {
			isa = PBXTargetDependency;
			target = 2187F7B116F1431500CF5697 /* Transition Study */;
			targetProxy = 2187F7DD16F1431600CF5697 /* PBXContainerItemProxy */;
		};
/* End PBXTargetDependency section */

/* Begin PBXVariantGroup section */
		2187F7BE16F1431500CF5697 /* InfoPlist.strings */ = {
			isa = PBXVariantGroup;
			children = (
				2187F7BF16F1431500CF5697 /* en */,
			);
			name = InfoPlist.strings;
			sourceTree = "<group>";
		};
		2187F7CD16F1431500CF5697 /* MainStoryboard.storyboard */ = {
			isa = PBXVariantGroup;
			children = (
				2187F7CE16F1431500CF5697 /* en */,
			);
			name = MainStoryboard.storyboard;
			sourceTree = "<group>";
		};
		2187F7E216F1431600CF5697 /* InfoPlist.strings */ = {
			isa = PBXVariantGroup;
			children = (
				2187F7E316F1431600CF5697 /* en */,
			);
			name = InfoPlist.strings;
			sourceTree = "<group>";
		};
/* End PBXVariantGroup section */

/* Begin XCBuildConfiguration section */
		2187F7E816F1431600CF5697 /* Debug */ = {
			isa = XCBuildConfiguration;
			buildSettings = {
				ALWAYS_SEARCH_USER_PATHS = NO;
				CLANG_CXX_LANGUAGE_STANDARD = "gnu++0x";
				CLANG_CXX_LIBRARY = "libc++";
				CLANG_ENABLE_OBJC_ARC = YES;
				CLANG_WARN_CONSTANT_CONVERSION = YES;
				CLANG_WARN_EMPTY_BODY = YES;
				CLANG_WARN_ENUM_CONVERSION = YES;
				CLANG_WARN_INT_CONVERSION = YES;
				CLANG_WARN__DUPLICATE_METHOD_MATCH = YES;
				"CODE_SIGN_IDENTITY[sdk=iphoneos*]" = "iPhone Developer";
				COPY_PHASE_STRIP = NO;
				GCC_C_LANGUAGE_STANDARD = gnu99;
				GCC_DYNAMIC_NO_PIC = NO;
				GCC_OPTIMIZATION_LEVEL = 0;
				GCC_PREPROCESSOR_DEFINITIONS = (
					"DEBUG=1",
					"$(inherited)",
				);
				GCC_SYMBOLS_PRIVATE_EXTERN = NO;
				GCC_WARN_ABOUT_RETURN_TYPE = YES;
				GCC_WARN_UNINITIALIZED_AUTOS = YES;
				GCC_WARN_UNUSED_VARIABLE = YES;
				IPHONEOS_DEPLOYMENT_TARGET = 6.1;
				ONLY_ACTIVE_ARCH = YES;
				SDKROOT = iphoneos;
			};
			name = Debug;
		};
		2187F7E916F1431600CF5697 /* Release */ = {
			isa = XCBuildConfiguration;
			buildSettings = {
				ALWAYS_SEARCH_USER_PATHS = NO;
				CLANG_CXX_LANGUAGE_STANDARD = "gnu++0x";
				CLANG_CXX_LIBRARY = "libc++";
				CLANG_ENABLE_OBJC_ARC = YES;
				CLANG_WARN_CONSTANT_CONVERSION = YES;
				CLANG_WARN_EMPTY_BODY = YES;
				CLANG_WARN_ENUM_CONVERSION = YES;
				CLANG_WARN_INT_CONVERSION = YES;
				CLANG_WARN__DUPLICATE_METHOD_MATCH = YES;
				"CODE_SIGN_IDENTITY[sdk=iphoneos*]" = "iPhone Developer";
				COPY_PHASE_STRIP = YES;
				GCC_C_LANGUAGE_STANDARD = gnu99;
				GCC_WARN_ABOUT_RETURN_TYPE = YES;
				GCC_WARN_UNINITIALIZED_AUTOS = YES;
				GCC_WARN_UNUSED_VARIABLE = YES;
				IPHONEOS_DEPLOYMENT_TARGET = 6.1;
				OTHER_CFLAGS = "-DNS_BLOCK_ASSERTIONS=1";
				SDKROOT = iphoneos;
				VALIDATE_PRODUCT = YES;
			};
			name = Release;
		};
		2187F7EB16F1431600CF5697 /* Debug */ = {
			isa = XCBuildConfiguration;
			buildSettings = {
				GCC_PRECOMPILE_PREFIX_HEADER = YES;
				GCC_PREFIX_HEADER = "Transition Study/Transition Study-Prefix.pch";
				INFOPLIST_FILE = "Transition Study/Transition Study-Info.plist";
				PRODUCT_NAME = "$(TARGET_NAME)";
				WRAPPER_EXTENSION = app;
			};
			name = Debug;
		};
		2187F7EC16F1431600CF5697 /* Release */ = {
			isa = XCBuildConfiguration;
			buildSettings = {
				GCC_PRECOMPILE_PREFIX_HEADER = YES;
				GCC_PREFIX_HEADER = "Transition Study/Transition Study-Prefix.pch";
				INFOPLIST_FILE = "Transition Study/Transition Study-Info.plist";
				PRODUCT_NAME = "$(TARGET_NAME)";
				WRAPPER_EXTENSION = app;
			};
			name = Release;
		};
		2187F7EE16F1431600CF5697 /* Debug */ = {
			isa = XCBuildConfiguration;
			buildSettings = {
				BUNDLE_LOADER = "$(BUILT_PRODUCTS_DIR)/Transition Study.app/Transition Study";
				FRAMEWORK_SEARCH_PATHS = (
					"\"$(SDKROOT)/Developer/Library/Frameworks\"",
					"\"$(DEVELOPER_LIBRARY_DIR)/Frameworks\"",
				);
				GCC_PRECOMPILE_PREFIX_HEADER = YES;
				GCC_PREFIX_HEADER = "Transition Study/Transition Study-Prefix.pch";
				INFOPLIST_FILE = "Transition StudyTests/Transition StudyTests-Info.plist";
				PRODUCT_NAME = "$(TARGET_NAME)";
				TEST_HOST = "$(BUNDLE_LOADER)";
				WRAPPER_EXTENSION = octest;
			};
			name = Debug;
		};
		2187F7EF16F1431600CF5697 /* Release */ = {
			isa = XCBuildConfiguration;
			buildSettings = {
				BUNDLE_LOADER = "$(BUILT_PRODUCTS_DIR)/Transition Study.app/Transition Study";
				FRAMEWORK_SEARCH_PATHS = (
					"\"$(SDKROOT)/Developer/Library/Frameworks\"",
					"\"$(DEVELOPER_LIBRARY_DIR)/Frameworks\"",
				);
				GCC_PRECOMPILE_PREFIX_HEADER = YES;
				GCC_PREFIX_HEADER = "Transition Study/Transition Study-Prefix.pch";
				INFOPLIST_FILE = "Transition StudyTests/Transition StudyTests-Info.plist";
				PRODUCT_NAME = "$(TARGET_NAME)";
				TEST_HOST = "$(BUNDLE_LOADER)";
				WRAPPER_EXTENSION = octest;
			};
			name = Release;
		};
/* End XCBuildConfiguration section */

/* Begin XCConfigurationList section */
		2187F7AD16F1431500CF5697 /* Build configuration list for PBXProject "Transition Study" */ = {
			isa = XCConfigurationList;
			buildConfigurations = (
				2187F7E816F1431600CF5697 /* Debug */,
				2187F7E916F1431600CF5697 /* Release */,
			);
			defaultConfigurationIsVisible = 0;
			defaultConfigurationName = Release;
		};
		2187F7EA16F1431600CF5697 /* Build configuration list for PBXNativeTarget "Transition Study" */ = {
			isa = XCConfigurationList;
			buildConfigurations = (
				2187F7EB16F1431600CF5697 /* Debug */,
				2187F7EC16F1431600CF5697 /* Release */,
			);
			defaultConfigurationIsVisible = 0;
		};
		2187F7ED16F1431600CF5697 /* Build configuration list for PBXNativeTarget "Transition StudyTests" */ = {
			isa = XCConfigurationList;
			buildConfigurations = (
				2187F7EE16F1431600CF5697 /* Debug */,
				2187F7EF16F1431600CF5697 /* Release */,
			);
			defaultConfigurationIsVisible = 0;
		};
/* End XCConfigurationList section */
	};
	rootObject = 2187F7AA16F1431500CF5697 /* Project object */;
}
